// !$*UTF8*$!
{
	archiveVersion = 1;
	classes = {
	};
	objectVersion = 46;
	objects = {

/* Begin PBXBuildFile section */
		8D3B050716A547780084C29E /* JPPerson.m in Sources */ = {isa = PBXBuildFile; fileRef = 8D3B050616A547780084C29E /* JPPerson.m */; };
		8D9D47A216A4FFB300F11DB4 /* UIKit.framework in Frameworks */ = {isa = PBXBuildFile; fileRef = 8D9D47A116A4FFB300F11DB4 /* UIKit.framework */; };
		8D9D47A416A4FFB300F11DB4 /* Foundation.framework in Frameworks */ = {isa = PBXBuildFile; fileRef = 8D9D47A316A4FFB300F11DB4 /* Foundation.framework */; };
		8D9D47A616A4FFB300F11DB4 /* CoreGraphics.framework in Frameworks */ = {isa = PBXBuildFile; fileRef = 8D9D47A516A4FFB300F11DB4 /* CoreGraphics.framework */; };
		8D9D47AC16A4FFB300F11DB4 /* InfoPlist.strings in Resources */ = {isa = PBXBuildFile; fileRef = 8D9D47AA16A4FFB300F11DB4 /* InfoPlist.strings */; };
		8D9D47AE16A4FFB300F11DB4 /* main.m in Sources */ = {isa = PBXBuildFile; fileRef = 8D9D47AD16A4FFB300F11DB4 /* main.m */; };
		8D9D47B216A4FFB300F11DB4 /* JPAppDelegate.m in Sources */ = {isa = PBXBuildFile; fileRef = 8D9D47B116A4FFB300F11DB4 /* JPAppDelegate.m */; };
		8D9D47B416A4FFB300F11DB4 /* Default.png in Resources */ = {isa = PBXBuildFile; fileRef = 8D9D47B316A4FFB300F11DB4 /* Default.png */; };
		8D9D47B616A4FFB300F11DB4 /* Default@2x.png in Resources */ = {isa = PBXBuildFile; fileRef = 8D9D47B516A4FFB300F11DB4 /* Default@2x.png */; };
		8D9D47B816A4FFB300F11DB4 /* Default-568h@2x.png in Resources */ = {isa = PBXBuildFile; fileRef = 8D9D47B716A4FFB300F11DB4 /* Default-568h@2x.png */; };
		8D9D47BB16A4FFB300F11DB4 /* MainStoryboard_iPhone.storyboard in Resources */ = {isa = PBXBuildFile; fileRef = 8D9D47B916A4FFB300F11DB4 /* MainStoryboard_iPhone.storyboard */; };
		8D9D47BE16A4FFB300F11DB4 /* MainStoryboard_iPad.storyboard in Resources */ = {isa = PBXBuildFile; fileRef = 8D9D47BC16A4FFB300F11DB4 /* MainStoryboard_iPad.storyboard */; };
		8D9D47C916A5025700F11DB4 /* JPTableViewController.m in Sources */ = {isa = PBXBuildFile; fileRef = 8D9D47C816A5025700F11DB4 /* JPTableViewController.m */; };
		8D9D47CB16A5065500F11DB4 /* JPDetailViewController.m in Sources */ = {isa = PBXBuildFile; fileRef = 8D9D47CA16A5065500F11DB4 /* JPDetailViewController.m */; };
		8D9D47CD16A5067D00F11DB4 /* data.json in Resources */ = {isa = PBXBuildFile; fileRef = 8D9D47CC16A5067D00F11DB4 /* data.json */; };
		8D9D47D416A5091F00F11DB4 /* JSONKit.m in Sources */ = {isa = PBXBuildFile; fileRef = 8D9D47D216A508F000F11DB4 /* JSONKit.m */; settings = {COMPILER_FLAGS = "-fno-objc-arc"; }; };
/* End PBXBuildFile section */

/* Begin PBXFileReference section */
		8D3B050516A547780084C29E /* JPPerson.h */ = {isa = PBXFileReference; fileEncoding = 4; lastKnownFileType = sourcecode.c.h; path = JPPerson.h; sourceTree = "<group>"; };
		8D3B050616A547780084C29E /* JPPerson.m */ = {isa = PBXFileReference; fileEncoding = 4; lastKnownFileType = sourcecode.c.objc; path = JPPerson.m; sourceTree = "<group>"; };
		8D9D479D16A4FFB300F11DB4 /* JOSONPractice.app */ = {isa = PBXFileReference; explicitFileType = wrapper.application; includeInIndex = 0; path = JOSONPractice.app; sourceTree = BUILT_PRODUCTS_DIR; };
		8D9D47A116A4FFB300F11DB4 /* UIKit.framework */ = {isa = PBXFileReference; lastKnownFileType = wrapper.framework; name = UIKit.framework; path = System/Library/Frameworks/UIKit.framework; sourceTree = SDKROOT; };
		8D9D47A316A4FFB300F11DB4 /* Foundation.framework */ = {isa = PBXFileReference; lastKnownFileType = wrapper.framework; name = Foundation.framework; path = System/Library/Frameworks/Foundation.framework; sourceTree = SDKROOT; };
		8D9D47A516A4FFB300F11DB4 /* CoreGraphics.framework */ = {isa = PBXFileReference; lastKnownFileType = wrapper.framework; name = CoreGraphics.framework; path = System/Library/Frameworks/CoreGraphics.framework; sourceTree = SDKROOT; };
		8D9D47A916A4FFB300F11DB4 /* JOSONPractice-Info.plist */ = {isa = PBXFileReference; lastKnownFileType = text.plist.xml; path = "JOSONPractice-Info.plist"; sourceTree = "<group>"; };
		8D9D47AB16A4FFB300F11DB4 /* en */ = {isa = PBXFileReference; lastKnownFileType = text.plist.strings; name = en; path = en.lproj/InfoPlist.strings; sourceTree = "<group>"; };
		8D9D47AD16A4FFB300F11DB4 /* main.m */ = {isa = PBXFileReference; lastKnownFileType = sourcecode.c.objc; path = main.m; sourceTree = "<group>"; };
		8D9D47AF16A4FFB300F11DB4 /* JOSONPractice-Prefix.pch */ = {isa = PBXFileReference; lastKnownFileType = sourcecode.c.h; path = "JOSONPractice-Prefix.pch"; sourceTree = "<group>"; };
		8D9D47B016A4FFB300F11DB4 /* JPAppDelegate.h */ = {isa = PBXFileReference; lastKnownFileType = sourcecode.c.h; path = JPAppDelegate.h; sourceTree = "<group>"; };
		8D9D47B116A4FFB300F11DB4 /* JPAppDelegate.m */ = {isa = PBXFileReference; lastKnownFileType = sourcecode.c.objc; path = JPAppDelegate.m; sourceTree = "<group>"; };
		8D9D47B316A4FFB300F11DB4 /* Default.png */ = {isa = PBXFileReference; lastKnownFileType = image.png; path = Default.png; sourceTree = "<group>"; };
		8D9D47B516A4FFB300F11DB4 /* Default@2x.png */ = {isa = PBXFileReference; lastKnownFileType = image.png; path = "Default@2x.png"; sourceTree = "<group>"; };
		8D9D47B716A4FFB300F11DB4 /* Default-568h@2x.png */ = {isa = PBXFileReference; lastKnownFileType = image.png; path = "Default-568h@2x.png"; sourceTree = "<group>"; };
		8D9D47BA16A4FFB300F11DB4 /* en */ = {isa = PBXFileReference; lastKnownFileType = file.storyboard; name = en; path = en.lproj/MainStoryboard_iPhone.storyboard; sourceTree = "<group>"; };
		8D9D47BD16A4FFB300F11DB4 /* en */ = {isa = PBXFileReference; lastKnownFileType = file.storyboard; name = en; path = en.lproj/MainStoryboard_iPad.storyboard; sourceTree = "<group>"; };
		8D9D47BF16A4FFB300F11DB4 /* JPDetailViewController.h */ = {isa = PBXFileReference; lastKnownFileType = sourcecode.c.h; path = JPDetailViewController.h; sourceTree = "<group>"; };
		8D9D47C716A5025700F11DB4 /* JPTableViewController.h */ = {isa = PBXFileReference; fileEncoding = 4; lastKnownFileType = sourcecode.c.h; path = JPTableViewController.h; sourceTree = "<group>"; };
		8D9D47C816A5025700F11DB4 /* JPTableViewController.m */ = {isa = PBXFileReference; fileEncoding = 4; lastKnownFileType = sourcecode.c.objc; path = JPTableViewController.m; sourceTree = "<group>"; };
		8D9D47CA16A5065500F11DB4 /* JPDetailViewController.m */ = {isa = PBXFileReference; fileEncoding = 4; lastKnownFileType = sourcecode.c.objc; path = JPDetailViewController.m; sourceTree = "<group>"; };
		8D9D47CC16A5067D00F11DB4 /* data.json */ = {isa = PBXFileReference; fileEncoding = 4; lastKnownFileType = text.json; path = data.json; sourceTree = "<group>"; };
		8D9D47D116A508F000F11DB4 /* JSONKit.h */ = {isa = PBXFileReference; lastKnownFileType = sourcecode.c.h; path = JSONKit.h; sourceTree = "<group>"; };
		8D9D47D216A508F000F11DB4 /* JSONKit.m */ = {isa = PBXFileReference; lastKnownFileType = sourcecode.c.objc; path = JSONKit.m; sourceTree = "<group>"; };
/* End PBXFileReference section */

/* Begin PBXFrameworksBuildPhase section */
		8D9D479A16A4FFB300F11DB4 /* Frameworks */ = {
			isa = PBXFrameworksBuildPhase;
			buildActionMask = 2147483647;
			files = (
				8D9D47A216A4FFB300F11DB4 /* UIKit.framework in Frameworks */,
				8D9D47A416A4FFB300F11DB4 /* Foundation.framework in Frameworks */,
				8D9D47A616A4FFB300F11DB4 /* CoreGraphics.framework in Frameworks */,
			);
			runOnlyForDeploymentPostprocessing = 0;
		};
/* End PBXFrameworksBuildPhase section */

/* Begin PBXGroup section */
		8D3B050316A547540084C29E /* Vendors */ = {
			isa = PBXGroup;
			children = (
				8D9D47D116A508F000F11DB4 /* JSONKit.h */,
				8D9D47D216A508F000F11DB4 /* JSONKit.m */,
			);
			name = Vendors;
			sourceTree = "<group>";
		};
		8D9D479216A4FFB300F11DB4 = {
			isa = PBXGroup;
			children = (
				8D9D47A716A4FFB300F11DB4 /* JOSONPractice */,
				8D9D47A016A4FFB300F11DB4 /* Frameworks */,
				8D9D479E16A4FFB300F11DB4 /* Products */,
			);
			sourceTree = "<group>";
		};
		8D9D479E16A4FFB300F11DB4 /* Products */ = {
			isa = PBXGroup;
			children = (
				8D9D479D16A4FFB300F11DB4 /* JOSONPractice.app */,
			);
			name = Products;
			sourceTree = "<group>";
		};
		8D9D47A016A4FFB300F11DB4 /* Frameworks */ = {
			isa = PBXGroup;
			children = (
				8D9D47A116A4FFB300F11DB4 /* UIKit.framework */,
				8D9D47A316A4FFB300F11DB4 /* Foundation.framework */,
				8D9D47A516A4FFB300F11DB4 /* CoreGraphics.framework */,
			);
			name = Frameworks;
			sourceTree = "<group>";
		};
		8D9D47A716A4FFB300F11DB4 /* JOSONPractice */ = {
			isa = PBXGroup;
			children = (
				8D3B050316A547540084C29E /* Vendors */,
				8D9D47B016A4FFB300F11DB4 /* JPAppDelegate.h */,
				8D9D47B116A4FFB300F11DB4 /* JPAppDelegate.m */,
				8D9D47B916A4FFB300F11DB4 /* MainStoryboard_iPhone.storyboard */,
				8D9D47BC16A4FFB300F11DB4 /* MainStoryboard_iPad.storyboard */,
				8D9D47BF16A4FFB300F11DB4 /* JPDetailViewController.h */,
				8D9D47CA16A5065500F11DB4 /* JPDetailViewController.m */,
				8D9D47C716A5025700F11DB4 /* JPTableViewController.h */,
				8D9D47C816A5025700F11DB4 /* JPTableViewController.m */,
				8D9D47A816A4FFB300F11DB4 /* Supporting Files */,
				8D9D47CC16A5067D00F11DB4 /* data.json */,
				8D3B050516A547780084C29E /* JPPerson.h */,
				8D3B050616A547780084C29E /* JPPerson.m */,
			);
			path = JOSONPractice;
			sourceTree = "<group>";
		};
		8D9D47A816A4FFB300F11DB4 /* Supporting Files */ = {
			isa = PBXGroup;
			children = (
				8D9D47A916A4FFB300F11DB4 /* JOSONPractice-Info.plist */,
				8D9D47AA16A4FFB300F11DB4 /* InfoPlist.strings */,
				8D9D47AD16A4FFB300F11DB4 /* main.m */,
				8D9D47AF16A4FFB300F11DB4 /* JOSONPractice-Prefix.pch */,
				8D9D47B316A4FFB300F11DB4 /* Default.png */,
				8D9D47B516A4FFB300F11DB4 /* Default@2x.png */,
				8D9D47B716A4FFB300F11DB4 /* Default-568h@2x.png */,
			);
			name = "Supporting Files";
			sourceTree = "<group>";
		};
/* End PBXGroup section */

/* Begin PBXNativeTarget section */
		8D9D479C16A4FFB300F11DB4 /* JOSONPractice */ = {
			isa = PBXNativeTarget;
			buildConfigurationList = 8D9D47C416A4FFB300F11DB4 /* Build configuration list for PBXNativeTarget "JOSONPractice" */;
			buildPhases = (
				8D9D479916A4FFB300F11DB4 /* Sources */,
				8D9D479A16A4FFB300F11DB4 /* Frameworks */,
				8D9D479B16A4FFB300F11DB4 /* Resources */,
			);
			buildRules = (
			);
			dependencies = (
			);
			name = JOSONPractice;
			productName = JOSONPractice;
			productReference = 8D9D479D16A4FFB300F11DB4 /* JOSONPractice.app */;
			productType = "com.apple.product-type.application";
		};
/* End PBXNativeTarget section */

/* Begin PBXProject section */
		8D9D479416A4FFB300F11DB4 /* Project object */ = {
			isa = PBXProject;
			attributes = {
				CLASSPREFIX = JP;
				LastUpgradeCheck = 0450;
				ORGANIZATIONNAME = 2359media;
			};
			buildConfigurationList = 8D9D479716A4FFB300F11DB4 /* Build configuration list for PBXProject "JOSONPractice" */;
			compatibilityVersion = "Xcode 3.2";
			developmentRegion = English;
			hasScannedForEncodings = 0;
			knownRegions = (
				en,
			);
			mainGroup = 8D9D479216A4FFB300F11DB4;
			productRefGroup = 8D9D479E16A4FFB300F11DB4 /* Products */;
			projectDirPath = "";
			projectRoot = "";
			targets = (
				8D9D479C16A4FFB300F11DB4 /* JOSONPractice */,
			);
		};
/* End PBXProject section */

/* Begin PBXResourcesBuildPhase section */
		8D9D479B16A4FFB300F11DB4 /* Resources */ = {
			isa = PBXResourcesBuildPhase;
			buildActionMask = 2147483647;
			files = (
				8D9D47AC16A4FFB300F11DB4 /* InfoPlist.strings in Resources */,
				8D9D47B416A4FFB300F11DB4 /* Default.png in Resources */,
				8D9D47B616A4FFB300F11DB4 /* Default@2x.png in Resources */,
				8D9D47B816A4FFB300F11DB4 /* Default-568h@2x.png in Resources */,
				8D9D47BB16A4FFB300F11DB4 /* MainStoryboard_iPhone.storyboard in Resources */,
				8D9D47BE16A4FFB300F11DB4 /* MainStoryboard_iPad.storyboard in Resources */,
				8D9D47CD16A5067D00F11DB4 /* data.json in Resources */,
			);
			runOnlyForDeploymentPostprocessing = 0;
		};
/* End PBXResourcesBuildPhase section */

/* Begin PBXSourcesBuildPhase section */
		8D9D479916A4FFB300F11DB4 /* Sources */ = {
			isa = PBXSourcesBuildPhase;
			buildActionMask = 2147483647;
			files = (
				8D9D47D416A5091F00F11DB4 /* JSONKit.m in Sources */,
				8D9D47AE16A4FFB300F11DB4 /* main.m in Sources */,
				8D9D47B216A4FFB300F11DB4 /* JPAppDelegate.m in Sources */,
				8D9D47C916A5025700F11DB4 /* JPTableViewController.m in Sources */,
				8D9D47CB16A5065500F11DB4 /* JPDetailViewController.m in Sources */,
				8D3B050716A547780084C29E /* JPPerson.m in Sources */,
			);
			runOnlyForDeploymentPostprocessing = 0;
		};
/* End PBXSourcesBuildPhase section */

/* Begin PBXVariantGroup section */
		8D9D47AA16A4FFB300F11DB4 /* InfoPlist.strings */ = {
			isa = PBXVariantGroup;
			children = (
				8D9D47AB16A4FFB300F11DB4 /* en */,
			);
			name = InfoPlist.strings;
			sourceTree = "<group>";
		};
		8D9D47B916A4FFB300F11DB4 /* MainStoryboard_iPhone.storyboard */ = {
			isa = PBXVariantGroup;
			children = (
				8D9D47BA16A4FFB300F11DB4 /* en */,
			);
			name = MainStoryboard_iPhone.storyboard;
			sourceTree = "<group>";
		};
		8D9D47BC16A4FFB300F11DB4 /* MainStoryboard_iPad.storyboard */ = {
			isa = PBXVariantGroup;
			children = (
				8D9D47BD16A4FFB300F11DB4 /* en */,
			);
			name = MainStoryboard_iPad.storyboard;
			sourceTree = "<group>";
		};
/* End PBXVariantGroup section */

/* Begin XCBuildConfiguration section */
		8D9D47C216A4FFB300F11DB4 /* Debug */ = {
			isa = XCBuildConfiguration;
			buildSettings = {
				ALWAYS_SEARCH_USER_PATHS = NO;
				CLANG_CXX_LANGUAGE_STANDARD = "gnu++0x";
				CLANG_CXX_LIBRARY = "libc++";
				CLANG_ENABLE_OBJC_ARC = YES;
				CLANG_WARN_EMPTY_BODY = YES;
				CLANG_WARN__DUPLICATE_METHOD_MATCH = YES;
				"CODE_SIGN_IDENTITY[sdk=iphoneos*]" = "iPhone Developer";
				COPY_PHASE_STRIP = NO;
				GCC_C_LANGUAGE_STANDARD = gnu99;
				GCC_DYNAMIC_NO_PIC = NO;
				GCC_OPTIMIZATION_LEVEL = 0;
				GCC_PREPROCESSOR_DEFINITIONS = (
					"DEBUG=1",
					"$(inherited)",
				);
				GCC_SYMBOLS_PRIVATE_EXTERN = NO;
				GCC_WARN_ABOUT_RETURN_TYPE = YES;
				GCC_WARN_UNINITIALIZED_AUTOS = YES;
				GCC_WARN_UNUSED_VARIABLE = YES;
				IPHONEOS_DEPLOYMENT_TARGET = 6.0;
				ONLY_ACTIVE_ARCH = YES;
				SDKROOT = iphoneos;
				TARGETED_DEVICE_FAMILY = "1,2";
			};
			name = Debug;
		};
		8D9D47C316A4FFB300F11DB4 /* Release */ = {
			isa = XCBuildConfiguration;
			buildSettings = {
				ALWAYS_SEARCH_USER_PATHS = NO;
				CLANG_CXX_LANGUAGE_STANDARD = "gnu++0x";
				CLANG_CXX_LIBRARY = "libc++";
				CLANG_ENABLE_OBJC_ARC = YES;
				CLANG_WARN_EMPTY_BODY = YES;
				CLANG_WARN__DUPLICATE_METHOD_MATCH = YES;
				"CODE_SIGN_IDENTITY[sdk=iphoneos*]" = "iPhone Developer";
				COPY_PHASE_STRIP = YES;
				GCC_C_LANGUAGE_STANDARD = gnu99;
				GCC_WARN_ABOUT_RETURN_TYPE = YES;
				GCC_WARN_UNINITIALIZED_AUTOS = YES;
				GCC_WARN_UNUSED_VARIABLE = YES;
				IPHONEOS_DEPLOYMENT_TARGET = 6.0;
				OTHER_CFLAGS = "-DNS_BLOCK_ASSERTIONS=1";
				SDKROOT = iphoneos;
				TARGETED_DEVICE_FAMILY = "1,2";
				VALIDATE_PRODUCT = YES;
			};
			name = Release;
		};
		8D9D47C516A4FFB300F11DB4 /* Debug */ = {
			isa = XCBuildConfiguration;
			buildSettings = {
				GCC_PRECOMPILE_PREFIX_HEADER = YES;
				GCC_PREFIX_HEADER = "JOSONPractice/JOSONPractice-Prefix.pch";
				INFOPLIST_FILE = "JOSONPractice/JOSONPractice-Info.plist";
				PRODUCT_NAME = "$(TARGET_NAME)";
				WRAPPER_EXTENSION = app;
			};
			name = Debug;
		};
		8D9D47C616A4FFB300F11DB4 /* Release */ = {
			isa = XCBuildConfiguration;
			buildSettings = {
				GCC_PRECOMPILE_PREFIX_HEADER = YES;
				GCC_PREFIX_HEADER = "JOSONPractice/JOSONPractice-Prefix.pch";
				INFOPLIST_FILE = "JOSONPractice/JOSONPractice-Info.plist";
				PRODUCT_NAME = "$(TARGET_NAME)";
				WRAPPER_EXTENSION = app;
			};
			name = Release;
		};
/* End XCBuildConfiguration section */

/* Begin XCConfigurationList section */
		8D9D479716A4FFB300F11DB4 /* Build configuration list for PBXProject "JOSONPractice" */ = {
			isa = XCConfigurationList;
			buildConfigurations = (
				8D9D47C216A4FFB300F11DB4 /* Debug */,
				8D9D47C316A4FFB300F11DB4 /* Release */,
			);
			defaultConfigurationIsVisible = 0;
			defaultConfigurationName = Release;
		};
		8D9D47C416A4FFB300F11DB4 /* Build configuration list for PBXNativeTarget "JOSONPractice" */ = {
			isa = XCConfigurationList;
			buildConfigurations = (
				8D9D47C516A4FFB300F11DB4 /* Debug */,
				8D9D47C616A4FFB300F11DB4 /* Release */,
			);
			defaultConfigurationIsVisible = 0;
			defaultConfigurationName = Release;
		};
/* End XCConfigurationList section */
	};
	rootObject = 8D9D479416A4FFB300F11DB4 /* Project object */;
}
